
Microsoft Visual Studio Solution File, Format Version 12.00
# Visual Studio 14
VisualStudioVersion = 14.0.23107.0
MinimumVisualStudioVersion = 10.0.40219.1
Project("{2150E333-8FDC-42A3-9474-1A3956D46DE8}") = "src", "src", "{C3ABCD2F-0F0F-42D8-AD4A-682D191956F1}"
EndProject
Project("{2150E333-8FDC-42A3-9474-1A3956D46DE8}") = "Solution Items", "Solution Items", "{B54F5720-2DF8-4E14-80C9-A678D0F34091}"
	ProjectSection(SolutionItems) = preProject
		global.json = global.json
		NuGet.Config = NuGet.Config
	EndProjectSection
EndProject
Project("{8BB2217D-0F2D-49D1-97BC-3654ED321F3B}") = "VerySimpleLibrary", "src\VerySimpleLibrary\VerySimpleLibrary.xproj", "{7BAC8C5C-D734-465D-9D17-63AC7616E54F}"
EndProject
Project("{2150E333-8FDC-42A3-9474-1A3956D46DE8}") = "test", "test", "{FFA07C17-702C-4BF1-B75A-E7FC9CF5497A}"
EndProject
Project("{8BB2217D-0F2D-49D1-97BC-3654ED321F3B}") = "Test", "test\Test\Test.xproj", "{3DD084C5-1863-4DC3-94E2-8D4BBA14A034}"
EndProject
Global
	GlobalSection(SolutionConfigurationPlatforms) = preSolution
		Debug|Any CPU = Debug|Any CPU
		Release|Any CPU = Release|Any CPU
	EndGlobalSection
	GlobalSection(ProjectConfigurationPlatforms) = postSolution
		{7BAC8C5C-D734-465D-9D17-63AC7616E54F}.Debug|Any CPU.ActiveCfg = Debug|Any CPU
		{7BAC8C5C-D734-465D-9D17-63AC7616E54F}.Debug|Any CPU.Build.0 = Debug|Any CPU
		{7BAC8C5C-D734-465D-9D17-63AC7616E54F}.Release|Any CPU.ActiveCfg = Release|Any CPU
		{7BAC8C5C-D734-465D-9D17-63AC7616E54F}.Release|Any CPU.Build.0 = Release|Any CPU
		{3DD084C5-1863-4DC3-94E2-8D4BBA14A034}.Debug|Any CPU.ActiveCfg = Debug|Any CPU
		{3DD084C5-1863-4DC3-94E2-8D4BBA14A034}.Debug|Any CPU.Build.0 = Debug|Any CPU
		{3DD084C5-1863-4DC3-94E2-8D4BBA14A034}.Release|Any CPU.ActiveCfg = Release|Any CPU
		{3DD084C5-1863-4DC3-94E2-8D4BBA14A034}.Release|Any CPU.Build.0 = Release|Any CPU
	EndGlobalSection
	GlobalSection(SolutionProperties) = preSolution
		HideSolutionNode = FALSE
	EndGlobalSection
	GlobalSection(NestedProjects) = preSolution
		{7BAC8C5C-D734-465D-9D17-63AC7616E54F} = {C3ABCD2F-0F0F-42D8-AD4A-682D191956F1}
		{3DD084C5-1863-4DC3-94E2-8D4BBA14A034} = {FFA07C17-702C-4BF1-B75A-E7FC9CF5497A}
	EndGlobalSection
EndGlobal
